
Microsoft Visual Studio Solution File, Format Version 12.00
# Visual Studio 15
VisualStudioVersion = 15.0.26730.3
MinimumVisualStudioVersion = 10.0.40219.1
Project("{FAE04EC0-301F-11D3-BF4B-00C04F79EFBC}") = "EngEdu", "EngEdu\EngEdu.csproj", "{8EEB19F2-2D19-4F0C-A2E8-BD25ABBEA904}"
EndProject
Global
	GlobalSection(SolutionConfigurationPlatforms) = preSolution
		Debug|Any CPU = Debug|Any CPU
		Release|Any CPU = Release|Any CPU
	EndGlobalSection
	GlobalSection(ProjectConfigurationPlatforms) = postSolution
		{8EEB19F2-2D19-4F0C-A2E8-BD25ABBEA904}.Debug|Any CPU.ActiveCfg = Debug|Any CPU
		{8EEB19F2-2D19-4F0C-A2E8-BD25ABBEA904}.Debug|Any CPU.Build.0 = Debug|Any CPU
		{8EEB19F2-2D19-4F0C-A2E8-BD25ABBEA904}.Release|Any CPU.ActiveCfg = Release|Any CPU
		{8EEB19F2-2D19-4F0C-A2E8-BD25ABBEA904}.Release|Any CPU.Build.0 = Release|Any CPU
	EndGlobalSection
	GlobalSection(SolutionProperties) = preSolution
		HideSolutionNode = FALSE
	EndGlobalSection
	GlobalSection(ExtensibilityGlobals) = postSolution
		SolutionGuid = {002BD8FC-F66B-4DD7-89F7-12DD2B23902B}
	EndGlobalSection
EndGlobal
